// !$*UTF8*$!
{
	archiveVersion = 1;
	classes = {
	};
	objectVersion = 54;
	objects = {

/* Begin PBXBuildFile section */
		0B628177235DEE8100E35CAF /* AppDelegate.swift in Sources */ = {isa = PBXBuildFile; fileRef = 0B628176235DEE8100E35CAF /* AppDelegate.swift */; };
		0B628179235DEE8100E35CAF /* SceneDelegate.swift in Sources */ = {isa = PBXBuildFile; fileRef = 0B628178235DEE8100E35CAF /* SceneDelegate.swift */; };
		0B628180235DEE8400E35CAF /* Assets.xcassets in Resources */ = {isa = PBXBuildFile; fileRef = 0B62817F235DEE8400E35CAF /* Assets.xcassets */; };
		0B628183235DEE8400E35CAF /* LaunchScreen.storyboard in Resources */ = {isa = PBXBuildFile; fileRef = 0B628181235DEE8400E35CAF /* LaunchScreen.storyboard */; };
		0B62818B235DF00000E35CAF /* WelcomeViewController.swift in Sources */ = {isa = PBXBuildFile; fileRef = 0B62818A235DF00000E35CAF /* WelcomeViewController.swift */; };
		0B62818D235DF00B00E35CAF /* RegisterViewController.swift in Sources */ = {isa = PBXBuildFile; fileRef = 0B62818C235DF00B00E35CAF /* RegisterViewController.swift */; };
		0B62818F235DF01000E35CAF /* LoginViewController.swift in Sources */ = {isa = PBXBuildFile; fileRef = 0B62818E235DF01000E35CAF /* LoginViewController.swift */; };
		0B628191235DF01B00E35CAF /* ChatViewController.swift in Sources */ = {isa = PBXBuildFile; fileRef = 0B628190235DF01B00E35CAF /* ChatViewController.swift */; };
		0B62819E235F0F4D00E35CAF /* README.md in Resources */ = {isa = PBXBuildFile; fileRef = 0B62819D235F0F4D00E35CAF /* README.md */; };
		E053A30A2B5A60CF004C4534 /* SnapKit in Frameworks */ = {isa = PBXBuildFile; productRef = E053A3092B5A60CF004C4534 /* SnapKit */; };
		E053A30C2B5A60CF004C4534 /* SnapKit-Dynamic in Frameworks */ = {isa = PBXBuildFile; productRef = E053A30B2B5A60CF004C4534 /* SnapKit-Dynamic */; };
		E053A30E2B5A6489004C4534 /* GoogleService-Info.plist in Resources */ = {isa = PBXBuildFile; fileRef = E053A30D2B5A6489004C4534 /* GoogleService-Info.plist */; };
		E053A3112B5A65F2004C4534 /* Constants.swift in Sources */ = {isa = PBXBuildFile; fileRef = E053A3102B5A65F2004C4534 /* Constants.swift */; };
		E053A3132B5A660E004C4534 /* UIKit + Extension.swift in Sources */ = {isa = PBXBuildFile; fileRef = E053A3122B5A660E004C4534 /* UIKit + Extension.swift */; };
		E053A3152B5A6624004C4534 /* Message.swift in Sources */ = {isa = PBXBuildFile; fileRef = E053A3142B5A6624004C4534 /* Message.swift */; };
		E053A3172B5A6651004C4534 /* MessageCell.swift in Sources */ = {isa = PBXBuildFile; fileRef = E053A3162B5A6651004C4534 /* MessageCell.swift */; };
		E053A31A2B5A672B004C4534 /* IQKeyboardManagerSwift in Frameworks */ = {isa = PBXBuildFile; productRef = E053A3192B5A672B004C4534 /* IQKeyboardManagerSwift */; };
		E053A31D2B5A697B004C4534 /* FirebaseAnalytics in Frameworks */ = {isa = PBXBuildFile; productRef = E053A31C2B5A697B004C4534 /* FirebaseAnalytics */; };
		E053A31F2B5A697B004C4534 /* FirebaseAnalyticsOnDeviceConversion in Frameworks */ = {isa = PBXBuildFile; productRef = E053A31E2B5A697B004C4534 /* FirebaseAnalyticsOnDeviceConversion */; };
		E053A3212B5A697B004C4534 /* FirebaseAnalyticsSwift in Frameworks */ = {isa = PBXBuildFile; productRef = E053A3202B5A697B004C4534 /* FirebaseAnalyticsSwift */; };
		E053A3232B5A697B004C4534 /* FirebaseAnalyticsWithoutAdIdSupport in Frameworks */ = {isa = PBXBuildFile; productRef = E053A3222B5A697B004C4534 /* FirebaseAnalyticsWithoutAdIdSupport */; };
		E053A3252B5A697B004C4534 /* FirebaseAppCheck in Frameworks */ = {isa = PBXBuildFile; productRef = E053A3242B5A697B004C4534 /* FirebaseAppCheck */; };
		E053A3272B5A697B004C4534 /* FirebaseAppDistribution-Beta in Frameworks */ = {isa = PBXBuildFile; productRef = E053A3262B5A697B004C4534 /* FirebaseAppDistribution-Beta */; };
		E053A3292B5A697B004C4534 /* FirebaseAuth in Frameworks */ = {isa = PBXBuildFile; productRef = E053A3282B5A697B004C4534 /* FirebaseAuth */; };
		E053A32B2B5A697B004C4534 /* FirebaseAuthCombine-Community in Frameworks */ = {isa = PBXBuildFile; productRef = E053A32A2B5A697B004C4534 /* FirebaseAuthCombine-Community */; };
		E053A32D2B5A697B004C4534 /* FirebaseCrashlytics in Frameworks */ = {isa = PBXBuildFile; productRef = E053A32C2B5A697B004C4534 /* FirebaseCrashlytics */; };
		E053A32F2B5A697B004C4534 /* FirebaseDatabase in Frameworks */ = {isa = PBXBuildFile; productRef = E053A32E2B5A697B004C4534 /* FirebaseDatabase */; };
		E053A3312B5A697B004C4534 /* FirebaseDatabaseSwift in Frameworks */ = {isa = PBXBuildFile; productRef = E053A3302B5A697B004C4534 /* FirebaseDatabaseSwift */; };
		E053A3332B5A697B004C4534 /* FirebaseDynamicLinks in Frameworks */ = {isa = PBXBuildFile; productRef = E053A3322B5A697B004C4534 /* FirebaseDynamicLinks */; };
		E053A3352B5A697B004C4534 /* FirebaseFirestore in Frameworks */ = {isa = PBXBuildFile; productRef = E053A3342B5A697B004C4534 /* FirebaseFirestore */; };
		E053A3372B5A697B004C4534 /* FirebaseFirestoreCombine-Community in Frameworks */ = {isa = PBXBuildFile; productRef = E053A3362B5A697B004C4534 /* FirebaseFirestoreCombine-Community */; };
		E053A3392B5A697B004C4534 /* FirebaseFirestoreSwift in Frameworks */ = {isa = PBXBuildFile; productRef = E053A3382B5A697B004C4534 /* FirebaseFirestoreSwift */; };
		E053A33B2B5A697B004C4534 /* FirebaseFunctions in Frameworks */ = {isa = PBXBuildFile; productRef = E053A33A2B5A697B004C4534 /* FirebaseFunctions */; };
		E053A33D2B5A697B004C4534 /* FirebaseFunctionsCombine-Community in Frameworks */ = {isa = PBXBuildFile; productRef = E053A33C2B5A697B004C4534 /* FirebaseFunctionsCombine-Community */; };
		E053A33F2B5A697B004C4534 /* FirebaseInAppMessaging-Beta in Frameworks */ = {isa = PBXBuildFile; productRef = E053A33E2B5A697B004C4534 /* FirebaseInAppMessaging-Beta */; };
		E053A3412B5A697B004C4534 /* FirebaseInAppMessagingSwift-Beta in Frameworks */ = {isa = PBXBuildFile; productRef = E053A3402B5A697B004C4534 /* FirebaseInAppMessagingSwift-Beta */; };
		E053A3432B5A697B004C4534 /* FirebaseInstallations in Frameworks */ = {isa = PBXBuildFile; productRef = E053A3422B5A697B004C4534 /* FirebaseInstallations */; };
		E053A3452B5A697B004C4534 /* FirebaseMLModelDownloader in Frameworks */ = {isa = PBXBuildFile; productRef = E053A3442B5A697B004C4534 /* FirebaseMLModelDownloader */; };
		E053A3472B5A697B004C4534 /* FirebaseMessaging in Frameworks */ = {isa = PBXBuildFile; productRef = E053A3462B5A697B004C4534 /* FirebaseMessaging */; };
		E053A3492B5A697B004C4534 /* FirebasePerformance in Frameworks */ = {isa = PBXBuildFile; productRef = E053A3482B5A697B004C4534 /* FirebasePerformance */; };
		E053A34B2B5A697B004C4534 /* FirebaseRemoteConfig in Frameworks */ = {isa = PBXBuildFile; productRef = E053A34A2B5A697B004C4534 /* FirebaseRemoteConfig */; };
		E053A34D2B5A697B004C4534 /* FirebaseRemoteConfigSwift in Frameworks */ = {isa = PBXBuildFile; productRef = E053A34C2B5A697B004C4534 /* FirebaseRemoteConfigSwift */; };
		E053A34F2B5A697B004C4534 /* FirebaseStorage in Frameworks */ = {isa = PBXBuildFile; productRef = E053A34E2B5A697B004C4534 /* FirebaseStorage */; };
		E053A3512B5A697B004C4534 /* FirebaseStorageCombine-Community in Frameworks */ = {isa = PBXBuildFile; productRef = E053A3502B5A697B004C4534 /* FirebaseStorageCombine-Community */; };
/* End PBXBuildFile section */

/* Begin PBXFileReference section */
		0B628173235DEE8100E35CAF /* Flash Chat iOS13.app */ = {isa = PBXFileReference; explicitFileType = wrapper.application; includeInIndex = 0; path = "Flash Chat iOS13.app"; sourceTree = BUILT_PRODUCTS_DIR; };
		0B628176235DEE8100E35CAF /* AppDelegate.swift */ = {isa = PBXFileReference; lastKnownFileType = sourcecode.swift; path = AppDelegate.swift; sourceTree = "<group>"; };
		0B628178235DEE8100E35CAF /* SceneDelegate.swift */ = {isa = PBXFileReference; lastKnownFileType = sourcecode.swift; path = SceneDelegate.swift; sourceTree = "<group>"; };
		0B62817F235DEE8400E35CAF /* Assets.xcassets */ = {isa = PBXFileReference; lastKnownFileType = folder.assetcatalog; path = Assets.xcassets; sourceTree = "<group>"; };
		0B628182235DEE8400E35CAF /* Base */ = {isa = PBXFileReference; lastKnownFileType = file.storyboard; name = Base; path = Base.lproj/LaunchScreen.storyboard; sourceTree = "<group>"; };
		0B628184235DEE8400E35CAF /* Info.plist */ = {isa = PBXFileReference; lastKnownFileType = text.plist.xml; path = Info.plist; sourceTree = "<group>"; };
		0B62818A235DF00000E35CAF /* WelcomeViewController.swift */ = {isa = PBXFileReference; lastKnownFileType = sourcecode.swift; path = WelcomeViewController.swift; sourceTree = "<group>"; };
		0B62818C235DF00B00E35CAF /* RegisterViewController.swift */ = {isa = PBXFileReference; lastKnownFileType = sourcecode.swift; path = RegisterViewController.swift; sourceTree = "<group>"; };
		0B62818E235DF01000E35CAF /* LoginViewController.swift */ = {isa = PBXFileReference; lastKnownFileType = sourcecode.swift; path = LoginViewController.swift; sourceTree = "<group>"; };
		0B628190235DF01B00E35CAF /* ChatViewController.swift */ = {isa = PBXFileReference; lastKnownFileType = sourcecode.swift; path = ChatViewController.swift; sourceTree = "<group>"; };
		0B62819D235F0F4D00E35CAF /* README.md */ = {isa = PBXFileReference; fileEncoding = 4; lastKnownFileType = net.daringfireball.markdown; path = README.md; sourceTree = "<group>"; };
		E053A30D2B5A6489004C4534 /* GoogleService-Info.plist */ = {isa = PBXFileReference; fileEncoding = 4; lastKnownFileType = text.plist.xml; path = "GoogleService-Info.plist"; sourceTree = "<group>"; };
		E053A3102B5A65F2004C4534 /* Constants.swift */ = {isa = PBXFileReference; lastKnownFileType = sourcecode.swift; path = Constants.swift; sourceTree = "<group>"; };
		E053A3122B5A660E004C4534 /* UIKit + Extension.swift */ = {isa = PBXFileReference; lastKnownFileType = sourcecode.swift; path = "UIKit + Extension.swift"; sourceTree = "<group>"; };
		E053A3142B5A6624004C4534 /* Message.swift */ = {isa = PBXFileReference; lastKnownFileType = sourcecode.swift; name = Message.swift; path = "Flash Chat iOS13/Message.swift"; sourceTree = SOURCE_ROOT; };
		E053A3162B5A6651004C4534 /* MessageCell.swift */ = {isa = PBXFileReference; lastKnownFileType = sourcecode.swift; path = MessageCell.swift; sourceTree = "<group>"; };
/* End PBXFileReference section */

/* Begin PBXFrameworksBuildPhase section */
		0B628170235DEE8100E35CAF /* Frameworks */ = {
			isa = PBXFrameworksBuildPhase;
			buildActionMask = 2147483647;
			files = (
				E053A3412B5A697B004C4534 /* FirebaseInAppMessagingSwift-Beta in Frameworks */,
				E053A3312B5A697B004C4534 /* FirebaseDatabaseSwift in Frameworks */,
				E053A32F2B5A697B004C4534 /* FirebaseDatabase in Frameworks */,
				E053A3452B5A697B004C4534 /* FirebaseMLModelDownloader in Frameworks */,
				E053A3252B5A697B004C4534 /* FirebaseAppCheck in Frameworks */,
				E053A33D2B5A697B004C4534 /* FirebaseFunctionsCombine-Community in Frameworks */,
				E053A3432B5A697B004C4534 /* FirebaseInstallations in Frameworks */,
				E053A3472B5A697B004C4534 /* FirebaseMessaging in Frameworks */,
				E053A3292B5A697B004C4534 /* FirebaseAuth in Frameworks */,
				E053A34B2B5A697B004C4534 /* FirebaseRemoteConfig in Frameworks */,
				E053A3212B5A697B004C4534 /* FirebaseAnalyticsSwift in Frameworks */,
				E053A34F2B5A697B004C4534 /* FirebaseStorage in Frameworks */,
				E053A3492B5A697B004C4534 /* FirebasePerformance in Frameworks */,
				E053A3352B5A697B004C4534 /* FirebaseFirestore in Frameworks */,
				E053A31A2B5A672B004C4534 /* IQKeyboardManagerSwift in Frameworks */,
				E053A33F2B5A697B004C4534 /* FirebaseInAppMessaging-Beta in Frameworks */,
				E053A30A2B5A60CF004C4534 /* SnapKit in Frameworks */,
				E053A31F2B5A697B004C4534 /* FirebaseAnalyticsOnDeviceConversion in Frameworks */,
				E053A34D2B5A697B004C4534 /* FirebaseRemoteConfigSwift in Frameworks */,
				E053A32B2B5A697B004C4534 /* FirebaseAuthCombine-Community in Frameworks */,
				E053A33B2B5A697B004C4534 /* FirebaseFunctions in Frameworks */,
				E053A3232B5A697B004C4534 /* FirebaseAnalyticsWithoutAdIdSupport in Frameworks */,
				E053A3512B5A697B004C4534 /* FirebaseStorageCombine-Community in Frameworks */,
				E053A3372B5A697B004C4534 /* FirebaseFirestoreCombine-Community in Frameworks */,
				E053A31D2B5A697B004C4534 /* FirebaseAnalytics in Frameworks */,
				E053A32D2B5A697B004C4534 /* FirebaseCrashlytics in Frameworks */,
				E053A30C2B5A60CF004C4534 /* SnapKit-Dynamic in Frameworks */,
				E053A3272B5A697B004C4534 /* FirebaseAppDistribution-Beta in Frameworks */,
				E053A3332B5A697B004C4534 /* FirebaseDynamicLinks in Frameworks */,
				E053A3392B5A697B004C4534 /* FirebaseFirestoreSwift in Frameworks */,
			);
			runOnlyForDeploymentPostprocessing = 0;
		};
/* End PBXFrameworksBuildPhase section */

/* Begin PBXGroup section */
		0B62816A235DEE8100E35CAF = {
			isa = PBXGroup;
			children = (
				0B62819D235F0F4D00E35CAF /* README.md */,
				0B628175235DEE8100E35CAF /* Flash Chat iOS13 */,
				0B628174235DEE8100E35CAF /* Products */,
			);
			sourceTree = "<group>";
		};
		0B628174235DEE8100E35CAF /* Products */ = {
			isa = PBXGroup;
			children = (
				0B628173235DEE8100E35CAF /* Flash Chat iOS13.app */,
			);
			name = Products;
			sourceTree = "<group>";
		};
		0B628175235DEE8100E35CAF /* Flash Chat iOS13 */ = {
			isa = PBXGroup;
			children = (
				E053A30D2B5A6489004C4534 /* GoogleService-Info.plist */,
				0B628176235DEE8100E35CAF /* AppDelegate.swift */,
				0B628178235DEE8100E35CAF /* SceneDelegate.swift */,
				0B628194235DF03A00E35CAF /* Models */,
				0B628193235DF03400E35CAF /* Views */,
				0B628192235DF02000E35CAF /* Controllers */,
				0B62817F235DEE8400E35CAF /* Assets.xcassets */,
				0B628181235DEE8400E35CAF /* LaunchScreen.storyboard */,
				0B628184235DEE8400E35CAF /* Info.plist */,
				E053A3102B5A65F2004C4534 /* Constants.swift */,
				E053A3122B5A660E004C4534 /* UIKit + Extension.swift */,
			);
			path = "Flash Chat iOS13";
			sourceTree = "<group>";
		};
		0B628192235DF02000E35CAF /* Controllers */ = {
			isa = PBXGroup;
			children = (
				0B62818A235DF00000E35CAF /* WelcomeViewController.swift */,
				0B62818C235DF00B00E35CAF /* RegisterViewController.swift */,
				0B62818E235DF01000E35CAF /* LoginViewController.swift */,
				0B628190235DF01B00E35CAF /* ChatViewController.swift */,
			);
			path = Controllers;
			sourceTree = "<group>";
		};
		0B628193235DF03400E35CAF /* Views */ = {
			isa = PBXGroup;
			children = (
				E053A3162B5A6651004C4534 /* MessageCell.swift */,
			);
			path = Views;
			sourceTree = "<group>";
		};
		0B628194235DF03A00E35CAF /* Models */ = {
			isa = PBXGroup;
			children = (
				E053A3142B5A6624004C4534 /* Message.swift */,
			);
			path = Models;
			sourceTree = "<group>";
		};
/* End PBXGroup section */

/* Begin PBXNativeTarget section */
		0B628172235DEE8100E35CAF /* Flash Chat iOS13 */ = {
			isa = PBXNativeTarget;
			buildConfigurationList = 0B628187235DEE8400E35CAF /* Build configuration list for PBXNativeTarget "Flash Chat iOS13" */;
			buildPhases = (
				0B62816F235DEE8100E35CAF /* Sources */,
				0B628170235DEE8100E35CAF /* Frameworks */,
				0B628171235DEE8100E35CAF /* Resources */,
			);
			buildRules = (
			);
			dependencies = (
			);
			name = "Flash Chat iOS13";
			packageProductDependencies = (
				E053A3092B5A60CF004C4534 /* SnapKit */,
				E053A30B2B5A60CF004C4534 /* SnapKit-Dynamic */,
				E053A3192B5A672B004C4534 /* IQKeyboardManagerSwift */,
				E053A31C2B5A697B004C4534 /* FirebaseAnalytics */,
				E053A31E2B5A697B004C4534 /* FirebaseAnalyticsOnDeviceConversion */,
				E053A3202B5A697B004C4534 /* FirebaseAnalyticsSwift */,
				E053A3222B5A697B004C4534 /* FirebaseAnalyticsWithoutAdIdSupport */,
				E053A3242B5A697B004C4534 /* FirebaseAppCheck */,
				E053A3262B5A697B004C4534 /* FirebaseAppDistribution-Beta */,
				E053A3282B5A697B004C4534 /* FirebaseAuth */,
				E053A32A2B5A697B004C4534 /* FirebaseAuthCombine-Community */,
				E053A32C2B5A697B004C4534 /* FirebaseCrashlytics */,
				E053A32E2B5A697B004C4534 /* FirebaseDatabase */,
				E053A3302B5A697B004C4534 /* FirebaseDatabaseSwift */,
				E053A3322B5A697B004C4534 /* FirebaseDynamicLinks */,
				E053A3342B5A697B004C4534 /* FirebaseFirestore */,
				E053A3362B5A697B004C4534 /* FirebaseFirestoreCombine-Community */,
				E053A3382B5A697B004C4534 /* FirebaseFirestoreSwift */,
				E053A33A2B5A697B004C4534 /* FirebaseFunctions */,
				E053A33C2B5A697B004C4534 /* FirebaseFunctionsCombine-Community */,
				E053A33E2B5A697B004C4534 /* FirebaseInAppMessaging-Beta */,
				E053A3402B5A697B004C4534 /* FirebaseInAppMessagingSwift-Beta */,
				E053A3422B5A697B004C4534 /* FirebaseInstallations */,
				E053A3442B5A697B004C4534 /* FirebaseMLModelDownloader */,
				E053A3462B5A697B004C4534 /* FirebaseMessaging */,
				E053A3482B5A697B004C4534 /* FirebasePerformance */,
				E053A34A2B5A697B004C4534 /* FirebaseRemoteConfig */,
				E053A34C2B5A697B004C4534 /* FirebaseRemoteConfigSwift */,
				E053A34E2B5A697B004C4534 /* FirebaseStorage */,
				E053A3502B5A697B004C4534 /* FirebaseStorageCombine-Community */,
			);
			productName = "Flash Chat iOS13";
			productReference = 0B628173235DEE8100E35CAF /* Flash Chat iOS13.app */;
			productType = "com.apple.product-type.application";
		};
/* End PBXNativeTarget section */

/* Begin PBXProject section */
		0B62816B235DEE8100E35CAF /* Project object */ = {
			isa = PBXProject;
			attributes = {
				LastSwiftUpdateCheck = 1110;
				LastUpgradeCheck = 1110;
				ORGANIZATIONNAME = "Angela Yu";
				TargetAttributes = {
					0B628172235DEE8100E35CAF = {
						CreatedOnToolsVersion = 11.1;
					};
				};
			};
			buildConfigurationList = 0B62816E235DEE8100E35CAF /* Build configuration list for PBXProject "Flash Chat iOS13" */;
			compatibilityVersion = "Xcode 9.3";
			developmentRegion = en;
			hasScannedForEncodings = 0;
			knownRegions = (
				en,
				Base,
			);
			mainGroup = 0B62816A235DEE8100E35CAF;
			packageReferences = (
				E053A3082B5A60CF004C4534 /* XCRemoteSwiftPackageReference "SnapKit" */,
				E053A3182B5A672B004C4534 /* XCRemoteSwiftPackageReference "IQKeyboardManager" */,
				E053A31B2B5A697B004C4534 /* XCRemoteSwiftPackageReference "firebase-ios-sdk" */,
			);
			productRefGroup = 0B628174235DEE8100E35CAF /* Products */;
			projectDirPath = "";
			projectRoot = "";
			targets = (
				0B628172235DEE8100E35CAF /* Flash Chat iOS13 */,
			);
		};
/* End PBXProject section */

/* Begin PBXResourcesBuildPhase section */
		0B628171235DEE8100E35CAF /* Resources */ = {
			isa = PBXResourcesBuildPhase;
			buildActionMask = 2147483647;
			files = (
				0B628183235DEE8400E35CAF /* LaunchScreen.storyboard in Resources */,
				0B628180235DEE8400E35CAF /* Assets.xcassets in Resources */,
				E053A30E2B5A6489004C4534 /* GoogleService-Info.plist in Resources */,
				0B62819E235F0F4D00E35CAF /* README.md in Resources */,
			);
			runOnlyForDeploymentPostprocessing = 0;
		};
/* End PBXResourcesBuildPhase section */

/* Begin PBXSourcesBuildPhase section */
		0B62816F235DEE8100E35CAF /* Sources */ = {
			isa = PBXSourcesBuildPhase;
			buildActionMask = 2147483647;
			files = (
				E053A3132B5A660E004C4534 /* UIKit + Extension.swift in Sources */,
				E053A3172B5A6651004C4534 /* MessageCell.swift in Sources */,
				0B62818B235DF00000E35CAF /* WelcomeViewController.swift in Sources */,
				0B628177235DEE8100E35CAF /* AppDelegate.swift in Sources */,
				E053A3152B5A6624004C4534 /* Message.swift in Sources */,
				0B628179235DEE8100E35CAF /* SceneDelegate.swift in Sources */,
				0B62818F235DF01000E35CAF /* LoginViewController.swift in Sources */,
				E053A3112B5A65F2004C4534 /* Constants.swift in Sources */,
				0B628191235DF01B00E35CAF /* ChatViewController.swift in Sources */,
				0B62818D235DF00B00E35CAF /* RegisterViewController.swift in Sources */,
			);
			runOnlyForDeploymentPostprocessing = 0;
		};
/* End PBXSourcesBuildPhase section */

/* Begin PBXVariantGroup section */
		0B628181235DEE8400E35CAF /* LaunchScreen.storyboard */ = {
			isa = PBXVariantGroup;
			children = (
				0B628182235DEE8400E35CAF /* Base */,
			);
			name = LaunchScreen.storyboard;
			sourceTree = "<group>";
		};
/* End PBXVariantGroup section */

/* Begin XCBuildConfiguration section */
		0B628185235DEE8400E35CAF /* Debug */ = {
			isa = XCBuildConfiguration;
			buildSettings = {
				ALWAYS_SEARCH_USER_PATHS = NO;
				CLANG_ANALYZER_NONNULL = YES;
				CLANG_ANALYZER_NUMBER_OBJECT_CONVERSION = YES_AGGRESSIVE;
				CLANG_CXX_LANGUAGE_STANDARD = "gnu++14";
				CLANG_CXX_LIBRARY = "libc++";
				CLANG_ENABLE_MODULES = YES;
				CLANG_ENABLE_OBJC_ARC = YES;
				CLANG_ENABLE_OBJC_WEAK = YES;
				CLANG_WARN_BLOCK_CAPTURE_AUTORELEASING = YES;
				CLANG_WARN_BOOL_CONVERSION = YES;
				CLANG_WARN_COMMA = YES;
				CLANG_WARN_CONSTANT_CONVERSION = YES;
				CLANG_WARN_DEPRECATED_OBJC_IMPLEMENTATIONS = YES;
				CLANG_WARN_DIRECT_OBJC_ISA_USAGE = YES_ERROR;
				CLANG_WARN_DOCUMENTATION_COMMENTS = YES;
				CLANG_WARN_EMPTY_BODY = YES;
				CLANG_WARN_ENUM_CONVERSION = YES;
				CLANG_WARN_INFINITE_RECURSION = YES;
				CLANG_WARN_INT_CONVERSION = YES;
				CLANG_WARN_NON_LITERAL_NULL_CONVERSION = YES;
				CLANG_WARN_OBJC_IMPLICIT_RETAIN_SELF = YES;
				CLANG_WARN_OBJC_LITERAL_CONVERSION = YES;
				CLANG_WARN_OBJC_ROOT_CLASS = YES_ERROR;
				CLANG_WARN_RANGE_LOOP_ANALYSIS = YES;
				CLANG_WARN_STRICT_PROTOTYPES = YES;
				CLANG_WARN_SUSPICIOUS_MOVE = YES;
				CLANG_WARN_UNGUARDED_AVAILABILITY = YES_AGGRESSIVE;
				CLANG_WARN_UNREACHABLE_CODE = YES;
				CLANG_WARN__DUPLICATE_METHOD_MATCH = YES;
				COPY_PHASE_STRIP = NO;
				DEBUG_INFORMATION_FORMAT = dwarf;
				ENABLE_STRICT_OBJC_MSGSEND = YES;
				ENABLE_TESTABILITY = YES;
				GCC_C_LANGUAGE_STANDARD = gnu11;
				GCC_DYNAMIC_NO_PIC = NO;
				GCC_NO_COMMON_BLOCKS = YES;
				GCC_OPTIMIZATION_LEVEL = 0;
				GCC_PREPROCESSOR_DEFINITIONS = (
					"DEBUG=1",
					"$(inherited)",
				);
				GCC_WARN_64_TO_32_BIT_CONVERSION = YES;
				GCC_WARN_ABOUT_RETURN_TYPE = YES_ERROR;
				GCC_WARN_UNDECLARED_SELECTOR = YES;
				GCC_WARN_UNINITIALIZED_AUTOS = YES_AGGRESSIVE;
				GCC_WARN_UNUSED_FUNCTION = YES;
				GCC_WARN_UNUSED_VARIABLE = YES;
				IPHONEOS_DEPLOYMENT_TARGET = 17.0;
				MTL_ENABLE_DEBUG_INFO = INCLUDE_SOURCE;
				MTL_FAST_MATH = YES;
				ONLY_ACTIVE_ARCH = YES;
				SDKROOT = iphoneos;
				SWIFT_ACTIVE_COMPILATION_CONDITIONS = DEBUG;
				SWIFT_OPTIMIZATION_LEVEL = "-Onone";
			};
			name = Debug;
		};
		0B628186235DEE8400E35CAF /* Release */ = {
			isa = XCBuildConfiguration;
			buildSettings = {
				ALWAYS_SEARCH_USER_PATHS = NO;
				CLANG_ANALYZER_NONNULL = YES;
				CLANG_ANALYZER_NUMBER_OBJECT_CONVERSION = YES_AGGRESSIVE;
				CLANG_CXX_LANGUAGE_STANDARD = "gnu++14";
				CLANG_CXX_LIBRARY = "libc++";
				CLANG_ENABLE_MODULES = YES;
				CLANG_ENABLE_OBJC_ARC = YES;
				CLANG_ENABLE_OBJC_WEAK = YES;
				CLANG_WARN_BLOCK_CAPTURE_AUTORELEASING = YES;
				CLANG_WARN_BOOL_CONVERSION = YES;
				CLANG_WARN_COMMA = YES;
				CLANG_WARN_CONSTANT_CONVERSION = YES;
				CLANG_WARN_DEPRECATED_OBJC_IMPLEMENTATIONS = YES;
				CLANG_WARN_DIRECT_OBJC_ISA_USAGE = YES_ERROR;
				CLANG_WARN_DOCUMENTATION_COMMENTS = YES;
				CLANG_WARN_EMPTY_BODY = YES;
				CLANG_WARN_ENUM_CONVERSION = YES;
				CLANG_WARN_INFINITE_RECURSION = YES;
				CLANG_WARN_INT_CONVERSION = YES;
				CLANG_WARN_NON_LITERAL_NULL_CONVERSION = YES;
				CLANG_WARN_OBJC_IMPLICIT_RETAIN_SELF = YES;
				CLANG_WARN_OBJC_LITERAL_CONVERSION = YES;
				CLANG_WARN_OBJC_ROOT_CLASS = YES_ERROR;
				CLANG_WARN_RANGE_LOOP_ANALYSIS = YES;
				CLANG_WARN_STRICT_PROTOTYPES = YES;
				CLANG_WARN_SUSPICIOUS_MOVE = YES;
				CLANG_WARN_UNGUARDED_AVAILABILITY = YES_AGGRESSIVE;
				CLANG_WARN_UNREACHABLE_CODE = YES;
				CLANG_WARN__DUPLICATE_METHOD_MATCH = YES;
				COPY_PHASE_STRIP = NO;
				DEBUG_INFORMATION_FORMAT = "dwarf-with-dsym";
				ENABLE_NS_ASSERTIONS = NO;
				ENABLE_STRICT_OBJC_MSGSEND = YES;
				GCC_C_LANGUAGE_STANDARD = gnu11;
				GCC_NO_COMMON_BLOCKS = YES;
				GCC_WARN_64_TO_32_BIT_CONVERSION = YES;
				GCC_WARN_ABOUT_RETURN_TYPE = YES_ERROR;
				GCC_WARN_UNDECLARED_SELECTOR = YES;
				GCC_WARN_UNINITIALIZED_AUTOS = YES_AGGRESSIVE;
				GCC_WARN_UNUSED_FUNCTION = YES;
				GCC_WARN_UNUSED_VARIABLE = YES;
				IPHONEOS_DEPLOYMENT_TARGET = 17.0;
				MTL_ENABLE_DEBUG_INFO = NO;
				MTL_FAST_MATH = YES;
				SDKROOT = iphoneos;
				SWIFT_COMPILATION_MODE = wholemodule;
				SWIFT_OPTIMIZATION_LEVEL = "-O";
				VALIDATE_PRODUCT = YES;
			};
			name = Release;
		};
		0B628188235DEE8400E35CAF /* Debug */ = {
			isa = XCBuildConfiguration;
			buildSettings = {
				ASSETCATALOG_COMPILER_APPICON_NAME = AppIcon;
				CODE_SIGN_STYLE = Automatic;
				DEVELOPMENT_TEAM = MKKVV86K5G;
				INFOPLIST_FILE = "Flash Chat iOS13/Info.plist";
				LD_RUNPATH_SEARCH_PATHS = (
					"$(inherited)",
					"@executable_path/Frameworks",
				);
				PRODUCT_BUNDLE_IDENTIFIER = "ruShirobokov97-yandex.Flash-Chat";
				PRODUCT_NAME = "$(TARGET_NAME)";
				SWIFT_VERSION = 5.0;
				TARGETED_DEVICE_FAMILY = 1;
			};
			name = Debug;
		};
		0B628189235DEE8400E35CAF /* Release */ = {
			isa = XCBuildConfiguration;
			buildSettings = {
				ASSETCATALOG_COMPILER_APPICON_NAME = AppIcon;
				CODE_SIGN_STYLE = Automatic;
				DEVELOPMENT_TEAM = MKKVV86K5G;
				INFOPLIST_FILE = "Flash Chat iOS13/Info.plist";
				LD_RUNPATH_SEARCH_PATHS = (
					"$(inherited)",
					"@executable_path/Frameworks",
				);
				PRODUCT_BUNDLE_IDENTIFIER = "ruShirobokov97-yandex.Flash-Chat";
				PRODUCT_NAME = "$(TARGET_NAME)";
				SWIFT_VERSION = 5.0;
				TARGETED_DEVICE_FAMILY = 1;
			};
			name = Release;
		};
/* End XCBuildConfiguration section */

/* Begin XCConfigurationList section */
		0B62816E235DEE8100E35CAF /* Build configuration list for PBXProject "Flash Chat iOS13" */ = {
			isa = XCConfigurationList;
			buildConfigurations = (
				0B628185235DEE8400E35CAF /* Debug */,
				0B628186235DEE8400E35CAF /* Release */,
			);
			defaultConfigurationIsVisible = 0;
			defaultConfigurationName = Release;
		};
		0B628187235DEE8400E35CAF /* Build configuration list for PBXNativeTarget "Flash Chat iOS13" */ = {
			isa = XCConfigurationList;
			buildConfigurations = (
				0B628188235DEE8400E35CAF /* Debug */,
				0B628189235DEE8400E35CAF /* Release */,
			);
			defaultConfigurationIsVisible = 0;
			defaultConfigurationName = Release;
		};
/* End XCConfigurationList section */

/* Begin XCRemoteSwiftPackageReference section */
		E053A3082B5A60CF004C4534 /* XCRemoteSwiftPackageReference "SnapKit" */ = {
			isa = XCRemoteSwiftPackageReference;
			repositoryURL = "https://github.com/SnapKit/SnapKit.git";
			requirement = {
				kind = upToNextMajorVersion;
				minimumVersion = 5.7.0;
			};
		};
		E053A3182B5A672B004C4534 /* XCRemoteSwiftPackageReference "IQKeyboardManager" */ = {
			isa = XCRemoteSwiftPackageReference;
			repositoryURL = "https://github.com/hackiftekhar/IQKeyboardManager";
			requirement = {
				kind = upToNextMajorVersion;
				minimumVersion = 7.0.0;
			};
		};
		E053A31B2B5A697B004C4534 /* XCRemoteSwiftPackageReference "firebase-ios-sdk" */ = {
			isa = XCRemoteSwiftPackageReference;
			repositoryURL = "https://github.com/firebase/firebase-ios-sdk.git";
			requirement = {
				kind = exactVersion;
				version = 10.17.0;
			};
		};
/* End XCRemoteSwiftPackageReference section */

/* Begin XCSwiftPackageProductDependency section */
		E053A3092B5A60CF004C4534 /* SnapKit */ = {
			isa = XCSwiftPackageProductDependency;
			package = E053A3082B5A60CF004C4534 /* XCRemoteSwiftPackageReference "SnapKit" */;
			productName = SnapKit;
		};
		E053A30B2B5A60CF004C4534 /* SnapKit-Dynamic */ = {
			isa = XCSwiftPackageProductDependency;
			package = E053A3082B5A60CF004C4534 /* XCRemoteSwiftPackageReference "SnapKit" */;
			productName = "SnapKit-Dynamic";
		};
		E053A3192B5A672B004C4534 /* IQKeyboardManagerSwift */ = {
			isa = XCSwiftPackageProductDependency;
			package = E053A3182B5A672B004C4534 /* XCRemoteSwiftPackageReference "IQKeyboardManager" */;
			productName = IQKeyboardManagerSwift;
		};
		E053A31C2B5A697B004C4534 /* FirebaseAnalytics */ = {
			isa = XCSwiftPackageProductDependency;
			package = E053A31B2B5A697B004C4534 /* XCRemoteSwiftPackageReference "firebase-ios-sdk" */;
			productName = FirebaseAnalytics;
		};
		E053A31E2B5A697B004C4534 /* FirebaseAnalyticsOnDeviceConversion */ = {
			isa = XCSwiftPackageProductDependency;
			package = E053A31B2B5A697B004C4534 /* XCRemoteSwiftPackageReference "firebase-ios-sdk" */;
			productName = FirebaseAnalyticsOnDeviceConversion;
		};
		E053A3202B5A697B004C4534 /* FirebaseAnalyticsSwift */ = {
			isa = XCSwiftPackageProductDependency;
			package = E053A31B2B5A697B004C4534 /* XCRemoteSwiftPackageReference "firebase-ios-sdk" */;
			productName = FirebaseAnalyticsSwift;
		};
		E053A3222B5A697B004C4534 /* FirebaseAnalyticsWithoutAdIdSupport */ = {
			isa = XCSwiftPackageProductDependency;
			package = E053A31B2B5A697B004C4534 /* XCRemoteSwiftPackageReference "firebase-ios-sdk" */;
			productName = FirebaseAnalyticsWithoutAdIdSupport;
		};
		E053A3242B5A697B004C4534 /* FirebaseAppCheck */ = {
			isa = XCSwiftPackageProductDependency;
			package = E053A31B2B5A697B004C4534 /* XCRemoteSwiftPackageReference "firebase-ios-sdk" */;
			productName = FirebaseAppCheck;
		};
		E053A3262B5A697B004C4534 /* FirebaseAppDistribution-Beta */ = {
			isa = XCSwiftPackageProductDependency;
			package = E053A31B2B5A697B004C4534 /* XCRemoteSwiftPackageReference "firebase-ios-sdk" */;
			productName = "FirebaseAppDistribution-Beta";
		};
		E053A3282B5A697B004C4534 /* FirebaseAuth */ = {
			isa = XCSwiftPackageProductDependency;
			package = E053A31B2B5A697B004C4534 /* XCRemoteSwiftPackageReference "firebase-ios-sdk" */;
			productName = FirebaseAuth;
		};
		E053A32A2B5A697B004C4534 /* FirebaseAuthCombine-Community */ = {
			isa = XCSwiftPackageProductDependency;
			package = E053A31B2B5A697B004C4534 /* XCRemoteSwiftPackageReference "firebase-ios-sdk" */;
			productName = "FirebaseAuthCombine-Community";
		};
		E053A32C2B5A697B004C4534 /* FirebaseCrashlytics */ = {
			isa = XCSwiftPackageProductDependency;
			package = E053A31B2B5A697B004C4534 /* XCRemoteSwiftPackageReference "firebase-ios-sdk" */;
			productName = FirebaseCrashlytics;
		};
		E053A32E2B5A697B004C4534 /* FirebaseDatabase */ = {
			isa = XCSwiftPackageProductDependency;
			package = E053A31B2B5A697B004C4534 /* XCRemoteSwiftPackageReference "firebase-ios-sdk" */;
			productName = FirebaseDatabase;
		};
		E053A3302B5A697B004C4534 /* FirebaseDatabaseSwift */ = {
			isa = XCSwiftPackageProductDependency;
			package = E053A31B2B5A697B004C4534 /* XCRemoteSwiftPackageReference "firebase-ios-sdk" */;
			productName = FirebaseDatabaseSwift;
		};
		E053A3322B5A697B004C4534 /* FirebaseDynamicLinks */ = {
			isa = XCSwiftPackageProductDependency;
			package = E053A31B2B5A697B004C4534 /* XCRemoteSwiftPackageReference "firebase-ios-sdk" */;
			productName = FirebaseDynamicLinks;
		};
		E053A3342B5A697B004C4534 /* FirebaseFirestore */ = {
			isa = XCSwiftPackageProductDependency;
			package = E053A31B2B5A697B004C4534 /* XCRemoteSwiftPackageReference "firebase-ios-sdk" */;
			productName = FirebaseFirestore;
		};
		E053A3362B5A697B004C4534 /* FirebaseFirestoreCombine-Community */ = {
			isa = XCSwiftPackageProductDependency;
			package = E053A31B2B5A697B004C4534 /* XCRemoteSwiftPackageReference "firebase-ios-sdk" */;
			productName = "FirebaseFirestoreCombine-Community";
		};
		E053A3382B5A697B004C4534 /* FirebaseFirestoreSwift */ = {
			isa = XCSwiftPackageProductDependency;
			package = E053A31B2B5A697B004C4534 /* XCRemoteSwiftPackageReference "firebase-ios-sdk" */;
			productName = FirebaseFirestoreSwift;
		};
		E053A33A2B5A697B004C4534 /* FirebaseFunctions */ = {
			isa = XCSwiftPackageProductDependency;
			package = E053A31B2B5A697B004C4534 /* XCRemoteSwiftPackageReference "firebase-ios-sdk" */;
			productName = FirebaseFunctions;
		};
		E053A33C2B5A697B004C4534 /* FirebaseFunctionsCombine-Community */ = {
			isa = XCSwiftPackageProductDependency;
			package = E053A31B2B5A697B004C4534 /* XCRemoteSwiftPackageReference "firebase-ios-sdk" */;
			productName = "FirebaseFunctionsCombine-Community";
		};
		E053A33E2B5A697B004C4534 /* FirebaseInAppMessaging-Beta */ = {
			isa = XCSwiftPackageProductDependency;
			package = E053A31B2B5A697B004C4534 /* XCRemoteSwiftPackageReference "firebase-ios-sdk" */;
			productName = "FirebaseInAppMessaging-Beta";
		};
		E053A3402B5A697B004C4534 /* FirebaseInAppMessagingSwift-Beta */ = {
			isa = XCSwiftPackageProductDependency;
			package = E053A31B2B5A697B004C4534 /* XCRemoteSwiftPackageReference "firebase-ios-sdk" */;
			productName = "FirebaseInAppMessagingSwift-Beta";
		};
		E053A3422B5A697B004C4534 /* FirebaseInstallations */ = {
			isa = XCSwiftPackageProductDependency;
			package = E053A31B2B5A697B004C4534 /* XCRemoteSwiftPackageReference "firebase-ios-sdk" */;
			productName = FirebaseInstallations;
		};
		E053A3442B5A697B004C4534 /* FirebaseMLModelDownloader */ = {
			isa = XCSwiftPackageProductDependency;
			package = E053A31B2B5A697B004C4534 /* XCRemoteSwiftPackageReference "firebase-ios-sdk" */;
			productName = FirebaseMLModelDownloader;
		};
		E053A3462B5A697B004C4534 /* FirebaseMessaging */ = {
			isa = XCSwiftPackageProductDependency;
			package = E053A31B2B5A697B004C4534 /* XCRemoteSwiftPackageReference "firebase-ios-sdk" */;
			productName = FirebaseMessaging;
		};
		E053A3482B5A697B004C4534 /* FirebasePerformance */ = {
			isa = XCSwiftPackageProductDependency;
			package = E053A31B2B5A697B004C4534 /* XCRemoteSwiftPackageReference "firebase-ios-sdk" */;
			productName = FirebasePerformance;
		};
		E053A34A2B5A697B004C4534 /* FirebaseRemoteConfig */ = {
			isa = XCSwiftPackageProductDependency;
			package = E053A31B2B5A697B004C4534 /* XCRemoteSwiftPackageReference "firebase-ios-sdk" */;
			productName = FirebaseRemoteConfig;
		};
		E053A34C2B5A697B004C4534 /* FirebaseRemoteConfigSwift */ = {
			isa = XCSwiftPackageProductDependency;
			package = E053A31B2B5A697B004C4534 /* XCRemoteSwiftPackageReference "firebase-ios-sdk" */;
			productName = FirebaseRemoteConfigSwift;
		};
		E053A34E2B5A697B004C4534 /* FirebaseStorage */ = {
			isa = XCSwiftPackageProductDependency;
			package = E053A31B2B5A697B004C4534 /* XCRemoteSwiftPackageReference "firebase-ios-sdk" */;
			productName = FirebaseStorage;
		};
		E053A3502B5A697B004C4534 /* FirebaseStorageCombine-Community */ = {
			isa = XCSwiftPackageProductDependency;
			package = E053A31B2B5A697B004C4534 /* XCRemoteSwiftPackageReference "firebase-ios-sdk" */;
			productName = "FirebaseStorageCombine-Community";
		};
/* End XCSwiftPackageProductDependency section */
	};
	rootObject = 0B62816B235DEE8100E35CAF /* Project object */;
}
